
Microsoft Visual Studio Solution File, Format Version 12.00
# Visual Studio Version 17
VisualStudioVersion = 17.7.34221.43
MinimumVisualStudioVersion = 10.0.40219.1
Project("{888888A0-9F3D-457C-B088-3A5042F75D52}") = "Lab7", "Lab7\Lab7.pyproj", "{0092D110-A96A-458D-92D3-A4499698A4CA}"
EndProject
Global
	GlobalSection(SolutionConfigurationPlatforms) = preSolution
		Debug|Any CPU = Debug|Any CPU
		Release|Any CPU = Release|Any CPU
	EndGlobalSection
	GlobalSection(ProjectConfigurationPlatforms) = postSolution
		{0092D110-A96A-458D-92D3-A4499698A4CA}.Debug|Any CPU.ActiveCfg = Debug|Any CPU
		{0092D110-A96A-458D-92D3-A4499698A4CA}.Debug|Any CPU.Build.0 = Debug|Any CPU
		{0092D110-A96A-458D-92D3-A4499698A4CA}.Release|Any CPU.ActiveCfg = Release|Any CPU
		{0092D110-A96A-458D-92D3-A4499698A4CA}.Release|Any CPU.Build.0 = Release|Any CPU
	EndGlobalSection
	GlobalSection(SolutionProperties) = preSolution
		HideSolutionNode = FALSE
	EndGlobalSection
	GlobalSection(ExtensibilityGlobals) = postSolution
		SolutionGuid = {745E6CA6-060A-4F61-9E47-7460135D12F4}
	EndGlobalSection
EndGlobal
