
Microsoft Visual Studio Solution File, Format Version 12.00
# Visual Studio Version 17
VisualStudioVersion = 17.7.34221.43
MinimumVisualStudioVersion = 10.0.40219.1
Project("{888888A0-9F3D-457C-B088-3A5042F75D52}") = "FTCC_Python_Lessons", "FTCC_Python_Lessons\FTCC_Python_Lessons.pyproj", "{8FAA408B-7DF0-4FF0-A9AC-80FDE070FDA8}"
EndProject
Global
	GlobalSection(SolutionConfigurationPlatforms) = preSolution
		Debug|Any CPU = Debug|Any CPU
		Release|Any CPU = Release|Any CPU
	EndGlobalSection
	GlobalSection(ProjectConfigurationPlatforms) = postSolution
		{8FAA408B-7DF0-4FF0-A9AC-80FDE070FDA8}.Debug|Any CPU.ActiveCfg = Debug|Any CPU
		{8FAA408B-7DF0-4FF0-A9AC-80FDE070FDA8}.Debug|Any CPU.Build.0 = Debug|Any CPU
		{8FAA408B-7DF0-4FF0-A9AC-80FDE070FDA8}.Release|Any CPU.ActiveCfg = Release|Any CPU
		{8FAA408B-7DF0-4FF0-A9AC-80FDE070FDA8}.Release|Any CPU.Build.0 = Release|Any CPU
	EndGlobalSection
	GlobalSection(SolutionProperties) = preSolution
		HideSolutionNode = FALSE
	EndGlobalSection
	GlobalSection(ExtensibilityGlobals) = postSolution
		SolutionGuid = {14A3C572-0BA0-47ED-B370-42ADD5ACDED5}
	EndGlobalSection
EndGlobal
